
Microsoft Visual Studio Solution File, Format Version 12.00
# Visual Studio Version 17
VisualStudioVersion = 17.8.34330.188
MinimumVisualStudioVersion = 10.0.40219.1
Project("{8BC9CEB8-8B4A-11D0-8D11-00A0C91BC942}") = "mygrep", "mygrep.vcxproj", "{2AF253F7-FAB1-4363-B43F-D9A0FB078F84}"
EndProject
Global
	GlobalSection(SolutionConfigurationPlatforms) = preSolution
		Debug|x64 = Debug|x64
		Debug|x86 = Debug|x86
		Release|x64 = Release|x64
		Release|x86 = Release|x86
	EndGlobalSection
	GlobalSection(ProjectConfigurationPlatforms) = postSolution
		{2AF253F7-FAB1-4363-B43F-D9A0FB078F84}.Debug|x64.ActiveCfg = Debug|x64
		{2AF253F7-FAB1-4363-B43F-D9A0FB078F84}.Debug|x64.Build.0 = Debug|x64
		{2AF253F7-FAB1-4363-B43F-D9A0FB078F84}.Debug|x86.ActiveCfg = Debug|Win32
		{2AF253F7-FAB1-4363-B43F-D9A0FB078F84}.Debug|x86.Build.0 = Debug|Win32
		{2AF253F7-FAB1-4363-B43F-D9A0FB078F84}.Release|x64.ActiveCfg = Release|x64
		{2AF253F7-FAB1-4363-B43F-D9A0FB078F84}.Release|x64.Build.0 = Release|x64
		{2AF253F7-FAB1-4363-B43F-D9A0FB078F84}.Release|x86.ActiveCfg = Release|Win32
		{2AF253F7-FAB1-4363-B43F-D9A0FB078F84}.Release|x86.Build.0 = Release|Win32
	EndGlobalSection
	GlobalSection(SolutionProperties) = preSolution
		HideSolutionNode = FALSE
	EndGlobalSection
	GlobalSection(ExtensibilityGlobals) = postSolution
		SolutionGuid = {67C8BBC0-16A1-4D4B-BCAE-A12678FC14D1}
	EndGlobalSection
EndGlobal
